
Microsoft Visual Studio Solution File, Format Version 12.00
# Visual Studio Version 17
VisualStudioVersion = 17.14.37614.0 d17.14
MinimumVisualStudioVersion = 10.0.40219.1
Project("{FAE04EC0-301F-11D3-BF4B-00C04F79EFBC}") = "SalonWeb", "SalonApp\SalonWeb.csproj", "{C2AE0F89-D8BD-4771-A4A9-A5109307B53F}"
EndProject
Project("{FAE04EC0-301F-11D3-BF4B-00C04F79EFBC}") = "SalonCRM", "SalonCRM\SalonCRM.csproj", "{00C6B79D-05A7-4EB5-BD2C-5CBBCB941E8E}"
EndProject
Project("{FAE04EC0-301F-11D3-BF4B-00C04F79EFBC}") = "Weixin.Web", "Weixin.Web\Weixin.Web.csproj", "{9A4E286B-FE2C-4985-AFBC-FA1A598F97C1}"
EndProject
Project("{FAE04EC0-301F-11D3-BF4B-00C04F79EFBC}") = "SalonBiz", "SalonBiz\SalonBiz.csproj", "{6B87A512-029A-4CAC-ADB2-BEFB8EB75410}"
EndProject
Project("{FAE04EC0-301F-11D3-BF4B-00C04F79EFBC}") = "Weixin.CommonService", "Weixin.CommonService\Weixin.CommonService.csproj", "{CCD291E9-16FA-4B53-B032-EBD3F659567B}"
EndProject
Global
	GlobalSection(SolutionConfigurationPlatforms) = preSolution
		Debug|Android = Debug|Android
		Debug|Any CPU = Debug|Any CPU
		Debug|ARM = Debug|ARM
		Debug|iOS = Debug|iOS
		Debug|Mixed Platforms = Debug|Mixed Platforms
		Debug|Windows Phone = Debug|Windows Phone
		Debug|Windows Phone (Universal) = Debug|Windows Phone (Universal)
		Debug|Windows Phone 8 = Debug|Windows Phone 8
		Debug|Windows-AnyCPU = Debug|Windows-AnyCPU
		Debug|Windows-ARM = Debug|Windows-ARM
		Debug|Windows-x64 = Debug|Windows-x64
		Debug|Windows-x86 = Debug|Windows-x86
		Debug|x64 = Debug|x64
		Debug|x86 = Debug|x86
		Distribution|Android = Distribution|Android
		Distribution|Any CPU = Distribution|Any CPU
		Distribution|ARM = Distribution|ARM
		Distribution|iOS = Distribution|iOS
		Distribution|Mixed Platforms = Distribution|Mixed Platforms
		Distribution|Windows Phone = Distribution|Windows Phone
		Distribution|Windows Phone (Universal) = Distribution|Windows Phone (Universal)
		Distribution|Windows Phone 8 = Distribution|Windows Phone 8
		Distribution|Windows-AnyCPU = Distribution|Windows-AnyCPU
		Distribution|Windows-ARM = Distribution|Windows-ARM
		Distribution|Windows-x64 = Distribution|Windows-x64
		Distribution|Windows-x86 = Distribution|Windows-x86
		Distribution|x64 = Distribution|x64
		Distribution|x86 = Distribution|x86
		EasyTest|Android = EasyTest|Android
		EasyTest|Any CPU = EasyTest|Any CPU
		EasyTest|ARM = EasyTest|ARM
		EasyTest|iOS = EasyTest|iOS
		EasyTest|Mixed Platforms = EasyTest|Mixed Platforms
		EasyTest|Windows Phone = EasyTest|Windows Phone
		EasyTest|Windows Phone (Universal) = EasyTest|Windows Phone (Universal)
		EasyTest|Windows Phone 8 = EasyTest|Windows Phone 8
		EasyTest|Windows-AnyCPU = EasyTest|Windows-AnyCPU
		EasyTest|Windows-ARM = EasyTest|Windows-ARM
		EasyTest|Windows-x64 = EasyTest|Windows-x64
		EasyTest|Windows-x86 = EasyTest|Windows-x86
		EasyTest|x64 = EasyTest|x64
		EasyTest|x86 = EasyTest|x86
		Release|Android = Release|Android
		Release|Any CPU = Release|Any CPU
		Release|ARM = Release|ARM
		Release|iOS = Release|iOS
		Release|Mixed Platforms = Release|Mixed Platforms
		Release|Windows Phone = Release|Windows Phone
		Release|Windows Phone (Universal) = Release|Windows Phone (Universal)
		Release|Windows Phone 8 = Release|Windows Phone 8
		Release|Windows-AnyCPU = Release|Windows-AnyCPU
		Release|Windows-ARM = Release|Windows-ARM
		Release|Windows-x64 = Release|Windows-x64
		Release|Windows-x86 = Release|Windows-x86
		Release|x64 = Release|x64
		Release|x86 = Release|x86
	EndGlobalSection
	GlobalSection(ProjectConfigurationPlatforms) = postSolution
		{C2AE0F89-D8BD-4771-A4A9-A5109307B53F}.Debug|Android.ActiveCfg = Debug|Any CPU
		{C2AE0F89-D8BD-4771-A4A9-A5109307B53F}.Debug|Android.Build.0 = Debug|Any CPU
		{C2AE0F89-D8BD-4771-A4A9-A5109307B53F}.Debug|Any CPU.ActiveCfg = Debug|Any CPU
		{C2AE0F89-D8BD-4771-A4A9-A5109307B53F}.Debug|Any CPU.Build.0 = Debug|Any CPU
		{C2AE0F89-D8BD-4771-A4A9-A5109307B53F}.Debug|ARM.ActiveCfg = Debug|Any CPU
		{C2AE0F89-D8BD-4771-A4A9-A5109307B53F}.Debug|iOS.ActiveCfg = Debug|Any CPU
		{C2AE0F89-D8BD-4771-A4A9-A5109307B53F}.Debug|Mixed Platforms.ActiveCfg = Debug|Any CPU
		{C2AE0F89-D8BD-4771-A4A9-A5109307B53F}.Debug|Mixed Platforms.Build.0 = Debug|Any CPU
		{C2AE0F89-D8BD-4771-A4A9-A5109307B53F}.Debug|Windows Phone.ActiveCfg = Debug|Any CPU
		{C2AE0F89-D8BD-4771-A4A9-A5109307B53F}.Debug|Windows Phone (Universal).ActiveCfg = Debug|Any CPU
		{C2AE0F89-D8BD-4771-A4A9-A5109307B53F}.Debug|Windows Phone 8.ActiveCfg = Debug|Any CPU
		{C2AE0F89-D8BD-4771-A4A9-A5109307B53F}.Debug|Windows-AnyCPU.ActiveCfg = Debug|Any CPU
		{C2AE0F89-D8BD-4771-A4A9-A5109307B53F}.Debug|Windows-ARM.ActiveCfg = Debug|Any CPU
		{C2AE0F89-D8BD-4771-A4A9-A5109307B53F}.Debug|Windows-x64.ActiveCfg = Debug|Any CPU
		{C2AE0F89-D8BD-4771-A4A9-A5109307B53F}.Debug|Windows-x86.ActiveCfg = Debug|Any CPU
		{C2AE0F89-D8BD-4771-A4A9-A5109307B53F}.Debug|x64.ActiveCfg = Debug|Any CPU
		{C2AE0F89-D8BD-4771-A4A9-A5109307B53F}.Debug|x86.ActiveCfg = Debug|Any CPU
		{C2AE0F89-D8BD-4771-A4A9-A5109307B53F}.Distribution|Android.ActiveCfg = Debug|Any CPU
		{C2AE0F89-D8BD-4771-A4A9-A5109307B53F}.Distribution|Any CPU.ActiveCfg = Debug|Any CPU
		{C2AE0F89-D8BD-4771-A4A9-A5109307B53F}.Distribution|Any CPU.Build.0 = Debug|Any CPU
		{C2AE0F89-D8BD-4771-A4A9-A5109307B53F}.Distribution|ARM.ActiveCfg = Debug|Any CPU
		{C2AE0F89-D8BD-4771-A4A9-A5109307B53F}.Distribution|iOS.ActiveCfg = Debug|Any CPU
		{C2AE0F89-D8BD-4771-A4A9-A5109307B53F}.Distribution|Mixed Platforms.ActiveCfg = Debug|Any CPU
		{C2AE0F89-D8BD-4771-A4A9-A5109307B53F}.Distribution|Mixed Platforms.Build.0 = Debug|Any CPU
		{C2AE0F89-D8BD-4771-A4A9-A5109307B53F}.Distribution|Windows Phone.ActiveCfg = Debug|Any CPU
		{C2AE0F89-D8BD-4771-A4A9-A5109307B53F}.Distribution|Windows Phone (Universal).ActiveCfg = Debug|Any CPU
		{C2AE0F89-D8BD-4771-A4A9-A5109307B53F}.Distribution|Windows Phone 8.ActiveCfg = Debug|Any CPU
		{C2AE0F89-D8BD-4771-A4A9-A5109307B53F}.Distribution|Windows-AnyCPU.ActiveCfg = Debug|Any CPU
		{C2AE0F89-D8BD-4771-A4A9-A5109307B53F}.Distribution|Windows-ARM.ActiveCfg = Debug|Any CPU
		{C2AE0F89-D8BD-4771-A4A9-A5109307B53F}.Distribution|Windows-x64.ActiveCfg = Debug|Any CPU
		{C2AE0F89-D8BD-4771-A4A9-A5109307B53F}.Distribution|Windows-x86.ActiveCfg = Debug|Any CPU
		{C2AE0F89-D8BD-4771-A4A9-A5109307B53F}.Distribution|x64.ActiveCfg = Debug|Any CPU
		{C2AE0F89-D8BD-4771-A4A9-A5109307B53F}.Distribution|x86.ActiveCfg = Debug|Any CPU
		{C2AE0F89-D8BD-4771-A4A9-A5109307B53F}.EasyTest|Android.ActiveCfg = Release|Any CPU
		{C2AE0F89-D8BD-4771-A4A9-A5109307B53F}.EasyTest|Android.Build.0 = Release|Any CPU
		{C2AE0F89-D8BD-4771-A4A9-A5109307B53F}.EasyTest|Any CPU.ActiveCfg = Release|Any CPU
		{C2AE0F89-D8BD-4771-A4A9-A5109307B53F}.EasyTest|Any CPU.Build.0 = Release|Any CPU
		{C2AE0F89-D8BD-4771-A4A9-A5109307B53F}.EasyTest|ARM.ActiveCfg = Release|Any CPU
		{C2AE0F89-D8BD-4771-A4A9-A5109307B53F}.EasyTest|iOS.ActiveCfg = Release|Any CPU
		{C2AE0F89-D8BD-4771-A4A9-A5109307B53F}.EasyTest|Mixed Platforms.ActiveCfg = Release|Any CPU
		{C2AE0F89-D8BD-4771-A4A9-A5109307B53F}.EasyTest|Mixed Platforms.Build.0 = Release|Any CPU
		{C2AE0F89-D8BD-4771-A4A9-A5109307B53F}.EasyTest|Windows Phone.ActiveCfg = Release|Any CPU
		{C2AE0F89-D8BD-4771-A4A9-A5109307B53F}.EasyTest|Windows Phone (Universal).ActiveCfg = Release|Any CPU
		{C2AE0F89-D8BD-4771-A4A9-A5109307B53F}.EasyTest|Windows Phone 8.ActiveCfg = Release|Any CPU
		{C2AE0F89-D8BD-4771-A4A9-A5109307B53F}.EasyTest|Windows-AnyCPU.ActiveCfg = Release|Any CPU
		{C2AE0F89-D8BD-4771-A4A9-A5109307B53F}.EasyTest|Windows-ARM.ActiveCfg = Release|Any CPU
		{C2AE0F89-D8BD-4771-A4A9-A5109307B53F}.EasyTest|Windows-x64.ActiveCfg = Release|Any CPU
		{C2AE0F89-D8BD-4771-A4A9-A5109307B53F}.EasyTest|Windows-x86.ActiveCfg = Release|Any CPU
		{C2AE0F89-D8BD-4771-A4A9-A5109307B53F}.EasyTest|x64.ActiveCfg = Release|Any CPU
		{C2AE0F89-D8BD-4771-A4A9-A5109307B53F}.EasyTest|x86.ActiveCfg = Release|Any CPU
		{C2AE0F89-D8BD-4771-A4A9-A5109307B53F}.Release|Android.ActiveCfg = Release|Any CPU
		{C2AE0F89-D8BD-4771-A4A9-A5109307B53F}.Release|Android.Build.0 = Release|Any CPU
		{C2AE0F89-D8BD-4771-A4A9-A5109307B53F}.Release|Any CPU.ActiveCfg = Release|Any CPU
		{C2AE0F89-D8BD-4771-A4A9-A5109307B53F}.Release|Any CPU.Build.0 = Release|Any CPU
		{C2AE0F89-D8BD-4771-A4A9-A5109307B53F}.Release|ARM.ActiveCfg = Release|Any CPU
		{C2AE0F89-D8BD-4771-A4A9-A5109307B53F}.Release|iOS.ActiveCfg = Release|Any CPU
		{C2AE0F89-D8BD-4771-A4A9-A5109307B53F}.Release|Mixed Platforms.ActiveCfg = Release|Any CPU
		{C2AE0F89-D8BD-4771-A4A9-A5109307B53F}.Release|Mixed Platforms.Build.0 = Release|Any CPU
		{C2AE0F89-D8BD-4771-A4A9-A5109307B53F}.Release|Windows Phone.ActiveCfg = Release|Any CPU
		{C2AE0F89-D8BD-4771-A4A9-A5109307B53F}.Release|Windows Phone (Universal).ActiveCfg = Release|Any CPU
		{C2AE0F89-D8BD-4771-A4A9-A5109307B53F}.Release|Windows Phone 8.ActiveCfg = Release|Any CPU
		{C2AE0F89-D8BD-4771-A4A9-A5109307B53F}.Release|Windows-AnyCPU.ActiveCfg = Release|Any CPU
		{C2AE0F89-D8BD-4771-A4A9-A5109307B53F}.Release|Windows-ARM.ActiveCfg = Release|Any CPU
		{C2AE0F89-D8BD-4771-A4A9-A5109307B53F}.Release|Windows-x64.ActiveCfg = Release|Any CPU
		{C2AE0F89-D8BD-4771-A4A9-A5109307B53F}.Release|Windows-x86.ActiveCfg = Release|Any CPU
		{C2AE0F89-D8BD-4771-A4A9-A5109307B53F}.Release|x64.ActiveCfg = Release|Any CPU
		{C2AE0F89-D8BD-4771-A4A9-A5109307B53F}.Release|x86.ActiveCfg = Release|Any CPU
		{00C6B79D-05A7-4EB5-BD2C-5CBBCB941E8E}.Debug|Android.ActiveCfg = Debug|Any CPU
		{00C6B79D-05A7-4EB5-BD2C-5CBBCB941E8E}.Debug|Android.Build.0 = Debug|Any CPU
		{00C6B79D-05A7-4EB5-BD2C-5CBBCB941E8E}.Debug|Any CPU.ActiveCfg = Debug|Any CPU
		{00C6B79D-05A7-4EB5-BD2C-5CBBCB941E8E}.Debug|Any CPU.Build.0 = Debug|Any CPU
		{00C6B79D-05A7-4EB5-BD2C-5CBBCB941E8E}.Debug|ARM.ActiveCfg = Debug|Any CPU
		{00C6B79D-05A7-4EB5-BD2C-5CBBCB941E8E}.Debug|iOS.ActiveCfg = Debug|Any CPU
		{00C6B79D-05A7-4EB5-BD2C-5CBBCB941E8E}.Debug|Mixed Platforms.ActiveCfg = Debug|Any CPU
		{00C6B79D-05A7-4EB5-BD2C-5CBBCB941E8E}.Debug|Mixed Platforms.Build.0 = Debug|Any CPU
		{00C6B79D-05A7-4EB5-BD2C-5CBBCB941E8E}.Debug|Windows Phone.ActiveCfg = Debug|Any CPU
		{00C6B79D-05A7-4EB5-BD2C-5CBBCB941E8E}.Debug|Windows Phone (Universal).ActiveCfg = Debug|Any CPU
		{00C6B79D-05A7-4EB5-BD2C-5CBBCB941E8E}.Debug|Windows Phone 8.ActiveCfg = Debug|Any CPU
		{00C6B79D-05A7-4EB5-BD2C-5CBBCB941E8E}.Debug|Windows-AnyCPU.ActiveCfg = Debug|Any CPU
		{00C6B79D-05A7-4EB5-BD2C-5CBBCB941E8E}.Debug|Windows-ARM.ActiveCfg = Debug|Any CPU
		{00C6B79D-05A7-4EB5-BD2C-5CBBCB941E8E}.Debug|Windows-x64.ActiveCfg = Debug|Any CPU
		{00C6B79D-05A7-4EB5-BD2C-5CBBCB941E8E}.Debug|Windows-x86.ActiveCfg = Debug|Any CPU
		{00C6B79D-05A7-4EB5-BD2C-5CBBCB941E8E}.Debug|x64.ActiveCfg = Debug|Any CPU
		{00C6B79D-05A7-4EB5-BD2C-5CBBCB941E8E}.Debug|x86.ActiveCfg = Debug|Any CPU
		{00C6B79D-05A7-4EB5-BD2C-5CBBCB941E8E}.Distribution|Android.ActiveCfg = Debug|Any CPU
		{00C6B79D-05A7-4EB5-BD2C-5CBBCB941E8E}.Distribution|Any CPU.ActiveCfg = Debug|Any CPU
		{00C6B79D-05A7-4EB5-BD2C-5CBBCB941E8E}.Distribution|Any CPU.Build.0 = Debug|Any CPU
		{00C6B79D-05A7-4EB5-BD2C-5CBBCB941E8E}.Distribution|ARM.ActiveCfg = Debug|Any CPU
		{00C6B79D-05A7-4EB5-BD2C-5CBBCB941E8E}.Distribution|iOS.ActiveCfg = Debug|Any CPU
		{00C6B79D-05A7-4EB5-BD2C-5CBBCB941E8E}.Distribution|Mixed Platforms.ActiveCfg = Debug|Any CPU
		{00C6B79D-05A7-4EB5-BD2C-5CBBCB941E8E}.Distribution|Mixed Platforms.Build.0 = Debug|Any CPU
		{00C6B79D-05A7-4EB5-BD2C-5CBBCB941E8E}.Distribution|Windows Phone.ActiveCfg = Debug|Any CPU
		{00C6B79D-05A7-4EB5-BD2C-5CBBCB941E8E}.Distribution|Windows Phone (Universal).ActiveCfg = Debug|Any CPU
		{00C6B79D-05A7-4EB5-BD2C-5CBBCB941E8E}.Distribution|Windows Phone 8.ActiveCfg = Debug|Any CPU
		{00C6B79D-05A7-4EB5-BD2C-5CBBCB941E8E}.Distribution|Windows-AnyCPU.ActiveCfg = Debug|Any CPU
		{00C6B79D-05A7-4EB5-BD2C-5CBBCB941E8E}.Distribution|Windows-ARM.ActiveCfg = Debug|Any CPU
		{00C6B79D-05A7-4EB5-BD2C-5CBBCB941E8E}.Distribution|Windows-x64.ActiveCfg = Debug|Any CPU
		{00C6B79D-05A7-4EB5-BD2C-5CBBCB941E8E}.Distribution|Windows-x86.ActiveCfg = Debug|Any CPU
		{00C6B79D-05A7-4EB5-BD2C-5CBBCB941E8E}.Distribution|x64.ActiveCfg = Debug|Any CPU
		{00C6B79D-05A7-4EB5-BD2C-5CBBCB941E8E}.Distribution|x86.ActiveCfg = Debug|Any CPU
		{00C6B79D-05A7-4EB5-BD2C-5CBBCB941E8E}.EasyTest|Android.ActiveCfg = Release|Any CPU
		{00C6B79D-05A7-4EB5-BD2C-5CBBCB941E8E}.EasyTest|Android.Build.0 = Release|Any CPU
		{00C6B79D-05A7-4EB5-BD2C-5CBBCB941E8E}.EasyTest|Any CPU.ActiveCfg = Release|Any CPU
		{00C6B79D-05A7-4EB5-BD2C-5CBBCB941E8E}.EasyTest|Any CPU.Build.0 = Release|Any CPU
		{00C6B79D-05A7-4EB5-BD2C-5CBBCB941E8E}.EasyTest|ARM.ActiveCfg = Release|Any CPU
		{00C6B79D-05A7-4EB5-BD2C-5CBBCB941E8E}.EasyTest|iOS.ActiveCfg = Release|Any CPU
		{00C6B79D-05A7-4EB5-BD2C-5CBBCB941E8E}.EasyTest|Mixed Platforms.ActiveCfg = Release|Any CPU
		{00C6B79D-05A7-4EB5-BD2C-5CBBCB941E8E}.EasyTest|Mixed Platforms.Build.0 = Release|Any CPU
		{00C6B79D-05A7-4EB5-BD2C-5CBBCB941E8E}.EasyTest|Windows Phone.ActiveCfg = Release|Any CPU
		{00C6B79D-05A7-4EB5-BD2C-5CBBCB941E8E}.EasyTest|Windows Phone (Universal).ActiveCfg = Release|Any CPU
		{00C6B79D-05A7-4EB5-BD2C-5CBBCB941E8E}.EasyTest|Windows Phone 8.ActiveCfg = Release|Any CPU
		{00C6B79D-05A7-4EB5-BD2C-5CBBCB941E8E}.EasyTest|Windows-AnyCPU.ActiveCfg = Release|Any CPU
		{00C6B79D-05A7-4EB5-BD2C-5CBBCB941E8E}.EasyTest|Windows-ARM.ActiveCfg = Release|Any CPU
		{00C6B79D-05A7-4EB5-BD2C-5CBBCB941E8E}.EasyTest|Windows-x64.ActiveCfg = Release|Any CPU
		{00C6B79D-05A7-4EB5-BD2C-5CBBCB941E8E}.EasyTest|Windows-x86.ActiveCfg = Release|Any CPU
		{00C6B79D-05A7-4EB5-BD2C-5CBBCB941E8E}.EasyTest|x64.ActiveCfg = Release|Any CPU
		{00C6B79D-05A7-4EB5-BD2C-5CBBCB941E8E}.EasyTest|x86.ActiveCfg = Release|Any CPU
		{00C6B79D-05A7-4EB5-BD2C-5CBBCB941E8E}.Release|Android.ActiveCfg = Release|Any CPU
		{00C6B79D-05A7-4EB5-BD2C-5CBBCB941E8E}.Release|Android.Build.0 = Release|Any CPU
		{00C6B79D-05A7-4EB5-BD2C-5CBBCB941E8E}.Release|Any CPU.ActiveCfg = Release|Any CPU
		{00C6B79D-05A7-4EB5-BD2C-5CBBCB941E8E}.Release|Any CPU.Build.0 = Release|Any CPU
		{00C6B79D-05A7-4EB5-BD2C-5CBBCB941E8E}.Release|ARM.ActiveCfg = Release|Any CPU
		{00C6B79D-05A7-4EB5-BD2C-5CBBCB941E8E}.Release|iOS.ActiveCfg = Release|Any CPU
		{00C6B79D-05A7-4EB5-BD2C-5CBBCB941E8E}.Release|Mixed Platforms.ActiveCfg = Release|Any CPU
		{00C6B79D-05A7-4EB5-BD2C-5CBBCB941E8E}.Release|Mixed Platforms.Build.0 = Release|Any CPU
		{00C6B79D-05A7-4EB5-BD2C-5CBBCB941E8E}.Release|Windows Phone.ActiveCfg = Release|Any CPU
		{00C6B79D-05A7-4EB5-BD2C-5CBBCB941E8E}.Release|Windows Phone (Universal).ActiveCfg = Release|Any CPU
		{00C6B79D-05A7-4EB5-BD2C-5CBBCB941E8E}.Release|Windows Phone 8.ActiveCfg = Release|Any CPU
		{00C6B79D-05A7-4EB5-BD2C-5CBBCB941E8E}.Release|Windows-AnyCPU.ActiveCfg = Release|Any CPU
		{00C6B79D-05A7-4EB5-BD2C-5CBBCB941E8E}.Release|Windows-ARM.ActiveCfg = Release|Any CPU
		{00C6B79D-05A7-4EB5-BD2C-5CBBCB941E8E}.Release|Windows-x64.ActiveCfg = Release|Any CPU
		{00C6B79D-05A7-4EB5-BD2C-5CBBCB941E8E}.Release|Windows-x86.ActiveCfg = Release|Any CPU
		{00C6B79D-05A7-4EB5-BD2C-5CBBCB941E8E}.Release|x64.ActiveCfg = Release|Any CPU
		{00C6B79D-05A7-4EB5-BD2C-5CBBCB941E8E}.Release|x86.ActiveCfg = Release|Any CPU
		{9A4E286B-FE2C-4985-AFBC-FA1A598F97C1}.Debug|Android.ActiveCfg = Debug|Any CPU
		{9A4E286B-FE2C-4985-AFBC-FA1A598F97C1}.Debug|Android.Build.0 = Debug|Any CPU
		{9A4E286B-FE2C-4985-AFBC-FA1A598F97C1}.Debug|Any CPU.ActiveCfg = Debug|Any CPU
		{9A4E286B-FE2C-4985-AFBC-FA1A598F97C1}.Debug|Any CPU.Build.0 = Debug|Any CPU
		{9A4E286B-FE2C-4985-AFBC-FA1A598F97C1}.Debug|ARM.ActiveCfg = Debug|Any CPU
		{9A4E286B-FE2C-4985-AFBC-FA1A598F97C1}.Debug|ARM.Build.0 = Debug|Any CPU
		{9A4E286B-FE2C-4985-AFBC-FA1A598F97C1}.Debug|iOS.ActiveCfg = Debug|Any CPU
		{9A4E286B-FE2C-4985-AFBC-FA1A598F97C1}.Debug|iOS.Build.0 = Debug|Any CPU
		{9A4E286B-FE2C-4985-AFBC-FA1A598F97C1}.Debug|Mixed Platforms.ActiveCfg = Debug|x86
		{9A4E286B-FE2C-4985-AFBC-FA1A598F97C1}.Debug|Mixed Platforms.Build.0 = Debug|x86
		{9A4E286B-FE2C-4985-AFBC-FA1A598F97C1}.Debug|Windows Phone.ActiveCfg = Debug|Any CPU
		{9A4E286B-FE2C-4985-AFBC-FA1A598F97C1}.Debug|Windows Phone.Build.0 = Debug|Any CPU
		{9A4E286B-FE2C-4985-AFBC-FA1A598F97C1}.Debug|Windows Phone (Universal).ActiveCfg = Debug|Any CPU
		{9A4E286B-FE2C-4985-AFBC-FA1A598F97C1}.Debug|Windows Phone (Universal).Build.0 = Debug|Any CPU
		{9A4E286B-FE2C-4985-AFBC-FA1A598F97C1}.Debug|Windows Phone 8.ActiveCfg = Debug|Any CPU
		{9A4E286B-FE2C-4985-AFBC-FA1A598F97C1}.Debug|Windows Phone 8.Build.0 = Debug|Any CPU
		{9A4E286B-FE2C-4985-AFBC-FA1A598F97C1}.Debug|Windows-AnyCPU.ActiveCfg = Debug|Any CPU
		{9A4E286B-FE2C-4985-AFBC-FA1A598F97C1}.Debug|Windows-AnyCPU.Build.0 = Debug|Any CPU
		{9A4E286B-FE2C-4985-AFBC-FA1A598F97C1}.Debug|Windows-ARM.ActiveCfg = Debug|Any CPU
		{9A4E286B-FE2C-4985-AFBC-FA1A598F97C1}.Debug|Windows-ARM.Build.0 = Debug|Any CPU
		{9A4E286B-FE2C-4985-AFBC-FA1A598F97C1}.Debug|Windows-x64.ActiveCfg = Debug|Any CPU
		{9A4E286B-FE2C-4985-AFBC-FA1A598F97C1}.Debug|Windows-x64.Build.0 = Debug|Any CPU
		{9A4E286B-FE2C-4985-AFBC-FA1A598F97C1}.Debug|Windows-x86.ActiveCfg = Debug|Any CPU
		{9A4E286B-FE2C-4985-AFBC-FA1A598F97C1}.Debug|Windows-x86.Build.0 = Debug|Any CPU
		{9A4E286B-FE2C-4985-AFBC-FA1A598F97C1}.Debug|x64.ActiveCfg = Debug|Any CPU
		{9A4E286B-FE2C-4985-AFBC-FA1A598F97C1}.Debug|x64.Build.0 = Debug|Any CPU
		{9A4E286B-FE2C-4985-AFBC-FA1A598F97C1}.Debug|x86.ActiveCfg = Debug|x86
		{9A4E286B-FE2C-4985-AFBC-FA1A598F97C1}.Debug|x86.Build.0 = Debug|x86
		{9A4E286B-FE2C-4985-AFBC-FA1A598F97C1}.Distribution|Android.ActiveCfg = Debug|Any CPU
		{9A4E286B-FE2C-4985-AFBC-FA1A598F97C1}.Distribution|Android.Build.0 = Debug|Any CPU
		{9A4E286B-FE2C-4985-AFBC-FA1A598F97C1}.Distribution|Any CPU.ActiveCfg = Debug|Any CPU
		{9A4E286B-FE2C-4985-AFBC-FA1A598F97C1}.Distribution|Any CPU.Build.0 = Debug|Any CPU
		{9A4E286B-FE2C-4985-AFBC-FA1A598F97C1}.Distribution|ARM.ActiveCfg = Debug|Any CPU
		{9A4E286B-FE2C-4985-AFBC-FA1A598F97C1}.Distribution|ARM.Build.0 = Debug|Any CPU
		{9A4E286B-FE2C-4985-AFBC-FA1A598F97C1}.Distribution|iOS.ActiveCfg = Debug|Any CPU
		{9A4E286B-FE2C-4985-AFBC-FA1A598F97C1}.Distribution|iOS.Build.0 = Debug|Any CPU
		{9A4E286B-FE2C-4985-AFBC-FA1A598F97C1}.Distribution|Mixed Platforms.ActiveCfg = Debug|x86
		{9A4E286B-FE2C-4985-AFBC-FA1A598F97C1}.Distribution|Mixed Platforms.Build.0 = Debug|x86
		{9A4E286B-FE2C-4985-AFBC-FA1A598F97C1}.Distribution|Windows Phone.ActiveCfg = Debug|Any CPU
		{9A4E286B-FE2C-4985-AFBC-FA1A598F97C1}.Distribution|Windows Phone.Build.0 = Debug|Any CPU
		{9A4E286B-FE2C-4985-AFBC-FA1A598F97C1}.Distribution|Windows Phone (Universal).ActiveCfg = Debug|Any CPU
		{9A4E286B-FE2C-4985-AFBC-FA1A598F97C1}.Distribution|Windows Phone (Universal).Build.0 = Debug|Any CPU
		{9A4E286B-FE2C-4985-AFBC-FA1A598F97C1}.Distribution|Windows Phone 8.ActiveCfg = Debug|Any CPU
		{9A4E286B-FE2C-4985-AFBC-FA1A598F97C1}.Distribution|Windows Phone 8.Build.0 = Debug|Any CPU
		{9A4E286B-FE2C-4985-AFBC-FA1A598F97C1}.Distribution|Windows-AnyCPU.ActiveCfg = Debug|Any CPU
		{9A4E286B-FE2C-4985-AFBC-FA1A598F97C1}.Distribution|Windows-AnyCPU.Build.0 = Debug|Any CPU
		{9A4E286B-FE2C-4985-AFBC-FA1A598F97C1}.Distribution|Windows-ARM.ActiveCfg = Debug|Any CPU
		{9A4E286B-FE2C-4985-AFBC-FA1A598F97C1}.Distribution|Windows-ARM.Build.0 = Debug|Any CPU
		{9A4E286B-FE2C-4985-AFBC-FA1A598F97C1}.Distribution|Windows-x64.ActiveCfg = Debug|Any CPU
		{9A4E286B-FE2C-4985-AFBC-FA1A598F97C1}.Distribution|Windows-x64.Build.0 = Debug|Any CPU
		{9A4E286B-FE2C-4985-AFBC-FA1A598F97C1}.Distribution|Windows-x86.ActiveCfg = Debug|Any CPU
		{9A4E286B-FE2C-4985-AFBC-FA1A598F97C1}.Distribution|Windows-x86.Build.0 = Debug|Any CPU
		{9A4E286B-FE2C-4985-AFBC-FA1A598F97C1}.Distribution|x64.ActiveCfg = Debug|Any CPU
		{9A4E286B-FE2C-4985-AFBC-FA1A598F97C1}.Distribution|x64.Build.0 = Debug|Any CPU
		{9A4E286B-FE2C-4985-AFBC-FA1A598F97C1}.Distribution|x86.ActiveCfg = Debug|x86
		{9A4E286B-FE2C-4985-AFBC-FA1A598F97C1}.Distribution|x86.Build.0 = Debug|x86
		{9A4E286B-FE2C-4985-AFBC-FA1A598F97C1}.EasyTest|Android.ActiveCfg = Release|Any CPU
		{9A4E286B-FE2C-4985-AFBC-FA1A598F97C1}.EasyTest|Android.Build.0 = Release|Any CPU
		{9A4E286B-FE2C-4985-AFBC-FA1A598F97C1}.EasyTest|Any CPU.ActiveCfg = Release|Any CPU
		{9A4E286B-FE2C-4985-AFBC-FA1A598F97C1}.EasyTest|Any CPU.Build.0 = Release|Any CPU
		{9A4E286B-FE2C-4985-AFBC-FA1A598F97C1}.EasyTest|ARM.ActiveCfg = Release|Any CPU
		{9A4E286B-FE2C-4985-AFBC-FA1A598F97C1}.EasyTest|ARM.Build.0 = Release|Any CPU
		{9A4E286B-FE2C-4985-AFBC-FA1A598F97C1}.EasyTest|iOS.ActiveCfg = Release|Any CPU
		{9A4E286B-FE2C-4985-AFBC-FA1A598F97C1}.EasyTest|iOS.Build.0 = Release|Any CPU
		{9A4E286B-FE2C-4985-AFBC-FA1A598F97C1}.EasyTest|Mixed Platforms.ActiveCfg = Release|x86
		{9A4E286B-FE2C-4985-AFBC-FA1A598F97C1}.EasyTest|Mixed Platforms.Build.0 = Release|x86
		{9A4E286B-FE2C-4985-AFBC-FA1A598F97C1}.EasyTest|Windows Phone.ActiveCfg = Release|Any CPU
		{9A4E286B-FE2C-4985-AFBC-FA1A598F97C1}.EasyTest|Windows Phone.Build.0 = Release|Any CPU
		{9A4E286B-FE2C-4985-AFBC-FA1A598F97C1}.EasyTest|Windows Phone (Universal).ActiveCfg = Release|Any CPU
		{9A4E286B-FE2C-4985-AFBC-FA1A598F97C1}.EasyTest|Windows Phone (Universal).Build.0 = Release|Any CPU
		{9A4E286B-FE2C-4985-AFBC-FA1A598F97C1}.EasyTest|Windows Phone 8.ActiveCfg = Release|Any CPU
		{9A4E286B-FE2C-4985-AFBC-FA1A598F97C1}.EasyTest|Windows Phone 8.Build.0 = Release|Any CPU
		{9A4E286B-FE2C-4985-AFBC-FA1A598F97C1}.EasyTest|Windows-AnyCPU.ActiveCfg = Release|Any CPU
		{9A4E286B-FE2C-4985-AFBC-FA1A598F97C1}.EasyTest|Windows-AnyCPU.Build.0 = Release|Any CPU
		{9A4E286B-FE2C-4985-AFBC-FA1A598F97C1}.EasyTest|Windows-ARM.ActiveCfg = Release|Any CPU
		{9A4E286B-FE2C-4985-AFBC-FA1A598F97C1}.EasyTest|Windows-ARM.Build.0 = Release|Any CPU
		{9A4E286B-FE2C-4985-AFBC-FA1A598F97C1}.EasyTest|Windows-x64.ActiveCfg = Release|Any CPU
		{9A4E286B-FE2C-4985-AFBC-FA1A598F97C1}.EasyTest|Windows-x64.Build.0 = Release|Any CPU
		{9A4E286B-FE2C-4985-AFBC-FA1A598F97C1}.EasyTest|Windows-x86.ActiveCfg = Release|Any CPU
		{9A4E286B-FE2C-4985-AFBC-FA1A598F97C1}.EasyTest|Windows-x86.Build.0 = Release|Any CPU
		{9A4E286B-FE2C-4985-AFBC-FA1A598F97C1}.EasyTest|x64.ActiveCfg = Release|Any CPU
		{9A4E286B-FE2C-4985-AFBC-FA1A598F97C1}.EasyTest|x64.Build.0 = Release|Any CPU
		{9A4E286B-FE2C-4985-AFBC-FA1A598F97C1}.EasyTest|x86.ActiveCfg = Release|x86
		{9A4E286B-FE2C-4985-AFBC-FA1A598F97C1}.EasyTest|x86.Build.0 = Release|x86
		{9A4E286B-FE2C-4985-AFBC-FA1A598F97C1}.Release|Android.ActiveCfg = Release|Any CPU
		{9A4E286B-FE2C-4985-AFBC-FA1A598F97C1}.Release|Android.Build.0 = Release|Any CPU
		{9A4E286B-FE2C-4985-AFBC-FA1A598F97C1}.Release|Any CPU.ActiveCfg = Release|Any CPU
		{9A4E286B-FE2C-4985-AFBC-FA1A598F97C1}.Release|Any CPU.Build.0 = Release|Any CPU
		{9A4E286B-FE2C-4985-AFBC-FA1A598F97C1}.Release|ARM.ActiveCfg = Release|Any CPU
		{9A4E286B-FE2C-4985-AFBC-FA1A598F97C1}.Release|ARM.Build.0 = Release|Any CPU
		{9A4E286B-FE2C-4985-AFBC-FA1A598F97C1}.Release|iOS.ActiveCfg = Release|Any CPU
		{9A4E286B-FE2C-4985-AFBC-FA1A598F97C1}.Release|iOS.Build.0 = Release|Any CPU
		{9A4E286B-FE2C-4985-AFBC-FA1A598F97C1}.Release|Mixed Platforms.ActiveCfg = Release|x86
		{9A4E286B-FE2C-4985-AFBC-FA1A598F97C1}.Release|Mixed Platforms.Build.0 = Release|x86
		{9A4E286B-FE2C-4985-AFBC-FA1A598F97C1}.Release|Windows Phone.ActiveCfg = Release|Any CPU
		{9A4E286B-FE2C-4985-AFBC-FA1A598F97C1}.Release|Windows Phone.Build.0 = Release|Any CPU
		{9A4E286B-FE2C-4985-AFBC-FA1A598F97C1}.Release|Windows Phone (Universal).ActiveCfg = Release|Any CPU
		{9A4E286B-FE2C-4985-AFBC-FA1A598F97C1}.Release|Windows Phone (Universal).Build.0 = Release|Any CPU
		{9A4E286B-FE2C-4985-AFBC-FA1A598F97C1}.Release|Windows Phone 8.ActiveCfg = Release|Any CPU
		{9A4E286B-FE2C-4985-AFBC-FA1A598F97C1}.Release|Windows Phone 8.Build.0 = Release|Any CPU
		{9A4E286B-FE2C-4985-AFBC-FA1A598F97C1}.Release|Windows-AnyCPU.ActiveCfg = Release|Any CPU
		{9A4E286B-FE2C-4985-AFBC-FA1A598F97C1}.Release|Windows-AnyCPU.Build.0 = Release|Any CPU
		{9A4E286B-FE2C-4985-AFBC-FA1A598F97C1}.Release|Windows-ARM.ActiveCfg = Release|Any CPU
		{9A4E286B-FE2C-4985-AFBC-FA1A598F97C1}.Release|Windows-ARM.Build.0 = Release|Any CPU
		{9A4E286B-FE2C-4985-AFBC-FA1A598F97C1}.Release|Windows-x64.ActiveCfg = Release|Any CPU
		{9A4E286B-FE2C-4985-AFBC-FA1A598F97C1}.Release|Windows-x64.Build.0 = Release|Any CPU
		{9A4E286B-FE2C-4985-AFBC-FA1A598F97C1}.Release|Windows-x86.ActiveCfg = Release|Any CPU
		{9A4E286B-FE2C-4985-AFBC-FA1A598F97C1}.Release|Windows-x86.Build.0 = Release|Any CPU
		{9A4E286B-FE2C-4985-AFBC-FA1A598F97C1}.Release|x64.ActiveCfg = Release|Any CPU
		{9A4E286B-FE2C-4985-AFBC-FA1A598F97C1}.Release|x64.Build.0 = Release|Any CPU
		{9A4E286B-FE2C-4985-AFBC-FA1A598F97C1}.Release|x86.ActiveCfg = Release|x86
		{9A4E286B-FE2C-4985-AFBC-FA1A598F97C1}.Release|x86.Build.0 = Release|x86
		{6B87A512-029A-4CAC-ADB2-BEFB8EB75410}.Debug|Android.ActiveCfg = Debug|Any CPU
		{6B87A512-029A-4CAC-ADB2-BEFB8EB75410}.Debug|Android.Build.0 = Debug|Any CPU
		{6B87A512-029A-4CAC-ADB2-BEFB8EB75410}.Debug|Any CPU.ActiveCfg = Debug|Any CPU
		{6B87A512-029A-4CAC-ADB2-BEFB8EB75410}.Debug|Any CPU.Build.0 = Debug|Any CPU
		{6B87A512-029A-4CAC-ADB2-BEFB8EB75410}.Debug|ARM.ActiveCfg = Debug|Any CPU
		{6B87A512-029A-4CAC-ADB2-BEFB8EB75410}.Debug|ARM.Build.0 = Debug|Any CPU
		{6B87A512-029A-4CAC-ADB2-BEFB8EB75410}.Debug|iOS.ActiveCfg = Debug|Any CPU
		{6B87A512-029A-4CAC-ADB2-BEFB8EB75410}.Debug|iOS.Build.0 = Debug|Any CPU
		{6B87A512-029A-4CAC-ADB2-BEFB8EB75410}.Debug|Mixed Platforms.ActiveCfg = Debug|Any CPU
		{6B87A512-029A-4CAC-ADB2-BEFB8EB75410}.Debug|Mixed Platforms.Build.0 = Debug|Any CPU
		{6B87A512-029A-4CAC-ADB2-BEFB8EB75410}.Debug|Windows Phone.ActiveCfg = Debug|Any CPU
		{6B87A512-029A-4CAC-ADB2-BEFB8EB75410}.Debug|Windows Phone.Build.0 = Debug|Any CPU
		{6B87A512-029A-4CAC-ADB2-BEFB8EB75410}.Debug|Windows Phone (Universal).ActiveCfg = Debug|Any CPU
		{6B87A512-029A-4CAC-ADB2-BEFB8EB75410}.Debug|Windows Phone (Universal).Build.0 = Debug|Any CPU
		{6B87A512-029A-4CAC-ADB2-BEFB8EB75410}.Debug|Windows Phone 8.ActiveCfg = Debug|Any CPU
		{6B87A512-029A-4CAC-ADB2-BEFB8EB75410}.Debug|Windows Phone 8.Build.0 = Debug|Any CPU
		{6B87A512-029A-4CAC-ADB2-BEFB8EB75410}.Debug|Windows-AnyCPU.ActiveCfg = Debug|Any CPU
		{6B87A512-029A-4CAC-ADB2-BEFB8EB75410}.Debug|Windows-AnyCPU.Build.0 = Debug|Any CPU
		{6B87A512-029A-4CAC-ADB2-BEFB8EB75410}.Debug|Windows-ARM.ActiveCfg = Debug|Any CPU
		{6B87A512-029A-4CAC-ADB2-BEFB8EB75410}.Debug|Windows-ARM.Build.0 = Debug|Any CPU
		{6B87A512-029A-4CAC-ADB2-BEFB8EB75410}.Debug|Windows-x64.ActiveCfg = Debug|Any CPU
		{6B87A512-029A-4CAC-ADB2-BEFB8EB75410}.Debug|Windows-x64.Build.0 = Debug|Any CPU
		{6B87A512-029A-4CAC-ADB2-BEFB8EB75410}.Debug|Windows-x86.ActiveCfg = Debug|Any CPU
		{6B87A512-029A-4CAC-ADB2-BEFB8EB75410}.Debug|Windows-x86.Build.0 = Debug|Any CPU
		{6B87A512-029A-4CAC-ADB2-BEFB8EB75410}.Debug|x64.ActiveCfg = Debug|Any CPU
		{6B87A512-029A-4CAC-ADB2-BEFB8EB75410}.Debug|x64.Build.0 = Debug|Any CPU
		{6B87A512-029A-4CAC-ADB2-BEFB8EB75410}.Debug|x86.ActiveCfg = Debug|Any CPU
		{6B87A512-029A-4CAC-ADB2-BEFB8EB75410}.Debug|x86.Build.0 = Debug|Any CPU
		{6B87A512-029A-4CAC-ADB2-BEFB8EB75410}.Distribution|Android.ActiveCfg = Debug|Any CPU
		{6B87A512-029A-4CAC-ADB2-BEFB8EB75410}.Distribution|Android.Build.0 = Debug|Any CPU
		{6B87A512-029A-4CAC-ADB2-BEFB8EB75410}.Distribution|Any CPU.ActiveCfg = Debug|Any CPU
		{6B87A512-029A-4CAC-ADB2-BEFB8EB75410}.Distribution|Any CPU.Build.0 = Debug|Any CPU
		{6B87A512-029A-4CAC-ADB2-BEFB8EB75410}.Distribution|ARM.ActiveCfg = Debug|Any CPU
		{6B87A512-029A-4CAC-ADB2-BEFB8EB75410}.Distribution|ARM.Build.0 = Debug|Any CPU
		{6B87A512-029A-4CAC-ADB2-BEFB8EB75410}.Distribution|iOS.ActiveCfg = Debug|Any CPU
		{6B87A512-029A-4CAC-ADB2-BEFB8EB75410}.Distribution|iOS.Build.0 = Debug|Any CPU
		{6B87A512-029A-4CAC-ADB2-BEFB8EB75410}.Distribution|Mixed Platforms.ActiveCfg = Debug|Any CPU
		{6B87A512-029A-4CAC-ADB2-BEFB8EB75410}.Distribution|Mixed Platforms.Build.0 = Debug|Any CPU
		{6B87A512-029A-4CAC-ADB2-BEFB8EB75410}.Distribution|Windows Phone.ActiveCfg = Debug|Any CPU
		{6B87A512-029A-4CAC-ADB2-BEFB8EB75410}.Distribution|Windows Phone.Build.0 = Debug|Any CPU
		{6B87A512-029A-4CAC-ADB2-BEFB8EB75410}.Distribution|Windows Phone (Universal).ActiveCfg = Debug|Any CPU
		{6B87A512-029A-4CAC-ADB2-BEFB8EB75410}.Distribution|Windows Phone (Universal).Build.0 = Debug|Any CPU
		{6B87A512-029A-4CAC-ADB2-BEFB8EB75410}.Distribution|Windows Phone 8.ActiveCfg = Debug|Any CPU
		{6B87A512-029A-4CAC-ADB2-BEFB8EB75410}.Distribution|Windows Phone 8.Build.0 = Debug|Any CPU
		{6B87A512-029A-4CAC-ADB2-BEFB8EB75410}.Distribution|Windows-AnyCPU.ActiveCfg = Debug|Any CPU
		{6B87A512-029A-4CAC-ADB2-BEFB8EB75410}.Distribution|Windows-AnyCPU.Build.0 = Debug|Any CPU
		{6B87A512-029A-4CAC-ADB2-BEFB8EB75410}.Distribution|Windows-ARM.ActiveCfg = Debug|Any CPU
		{6B87A512-029A-4CAC-ADB2-BEFB8EB75410}.Distribution|Windows-ARM.Build.0 = Debug|Any CPU
		{6B87A512-029A-4CAC-ADB2-BEFB8EB75410}.Distribution|Windows-x64.ActiveCfg = Debug|Any CPU
		{6B87A512-029A-4CAC-ADB2-BEFB8EB75410}.Distribution|Windows-x64.Build.0 = Debug|Any CPU
		{6B87A512-029A-4CAC-ADB2-BEFB8EB75410}.Distribution|Windows-x86.ActiveCfg = Debug|Any CPU
		{6B87A512-029A-4CAC-ADB2-BEFB8EB75410}.Distribution|Windows-x86.Build.0 = Debug|Any CPU
		{6B87A512-029A-4CAC-ADB2-BEFB8EB75410}.Distribution|x64.ActiveCfg = Debug|Any CPU
		{6B87A512-029A-4CAC-ADB2-BEFB8EB75410}.Distribution|x64.Build.0 = Debug|Any CPU
		{6B87A512-029A-4CAC-ADB2-BEFB8EB75410}.Distribution|x86.ActiveCfg = Debug|Any CPU
		{6B87A512-029A-4CAC-ADB2-BEFB8EB75410}.Distribution|x86.Build.0 = Debug|Any CPU
		{6B87A512-029A-4CAC-ADB2-BEFB8EB75410}.EasyTest|Android.ActiveCfg = Release|Any CPU
		{6B87A512-029A-4CAC-ADB2-BEFB8EB75410}.EasyTest|Android.Build.0 = Release|Any CPU
		{6B87A512-029A-4CAC-ADB2-BEFB8EB75410}.EasyTest|Any CPU.ActiveCfg = Release|Any CPU
		{6B87A512-029A-4CAC-ADB2-BEFB8EB75410}.EasyTest|Any CPU.Build.0 = Release|Any CPU
		{6B87A512-029A-4CAC-ADB2-BEFB8EB75410}.EasyTest|ARM.ActiveCfg = Release|Any CPU
		{6B87A512-029A-4CAC-ADB2-BEFB8EB75410}.EasyTest|ARM.Build.0 = Release|Any CPU
		{6B87A512-029A-4CAC-ADB2-BEFB8EB75410}.EasyTest|iOS.ActiveCfg = Release|Any CPU
		{6B87A512-029A-4CAC-ADB2-BEFB8EB75410}.EasyTest|iOS.Build.0 = Release|Any CPU
		{6B87A512-029A-4CAC-ADB2-BEFB8EB75410}.EasyTest|Mixed Platforms.ActiveCfg = Release|Any CPU
		{6B87A512-029A-4CAC-ADB2-BEFB8EB75410}.EasyTest|Mixed Platforms.Build.0 = Release|Any CPU
		{6B87A512-029A-4CAC-ADB2-BEFB8EB75410}.EasyTest|Windows Phone.ActiveCfg = Release|Any CPU
		{6B87A512-029A-4CAC-ADB2-BEFB8EB75410}.EasyTest|Windows Phone.Build.0 = Release|Any CPU
		{6B87A512-029A-4CAC-ADB2-BEFB8EB75410}.EasyTest|Windows Phone (Universal).ActiveCfg = Release|Any CPU
		{6B87A512-029A-4CAC-ADB2-BEFB8EB75410}.EasyTest|Windows Phone (Universal).Build.0 = Release|Any CPU
		{6B87A512-029A-4CAC-ADB2-BEFB8EB75410}.EasyTest|Windows Phone 8.ActiveCfg = Release|Any CPU
		{6B87A512-029A-4CAC-ADB2-BEFB8EB75410}.EasyTest|Windows Phone 8.Build.0 = Release|Any CPU
		{6B87A512-029A-4CAC-ADB2-BEFB8EB75410}.EasyTest|Windows-AnyCPU.ActiveCfg = Release|Any CPU
		{6B87A512-029A-4CAC-ADB2-BEFB8EB75410}.EasyTest|Windows-AnyCPU.Build.0 = Release|Any CPU
		{6B87A512-029A-4CAC-ADB2-BEFB8EB75410}.EasyTest|Windows-ARM.ActiveCfg = Release|Any CPU
		{6B87A512-029A-4CAC-ADB2-BEFB8EB75410}.EasyTest|Windows-ARM.Build.0 = Release|Any CPU
		{6B87A512-029A-4CAC-ADB2-BEFB8EB75410}.EasyTest|Windows-x64.ActiveCfg = Release|Any CPU
		{6B87A512-029A-4CAC-ADB2-BEFB8EB75410}.EasyTest|Windows-x64.Build.0 = Release|Any CPU
		{6B87A512-029A-4CAC-ADB2-BEFB8EB75410}.EasyTest|Windows-x86.ActiveCfg = Release|Any CPU
		{6B87A512-029A-4CAC-ADB2-BEFB8EB75410}.EasyTest|Windows-x86.Build.0 = Release|Any CPU
		{6B87A512-029A-4CAC-ADB2-BEFB8EB75410}.EasyTest|x64.ActiveCfg = Release|Any CPU
		{6B87A512-029A-4CAC-ADB2-BEFB8EB75410}.EasyTest|x64.Build.0 = Release|Any CPU
		{6B87A512-029A-4CAC-ADB2-BEFB8EB75410}.EasyTest|x86.ActiveCfg = Release|Any CPU
		{6B87A512-029A-4CAC-ADB2-BEFB8EB75410}.EasyTest|x86.Build.0 = Release|Any CPU
		{6B87A512-029A-4CAC-ADB2-BEFB8EB75410}.Release|Android.ActiveCfg = Release|Any CPU
		{6B87A512-029A-4CAC-ADB2-BEFB8EB75410}.Release|Android.Build.0 = Release|Any CPU
		{6B87A512-029A-4CAC-ADB2-BEFB8EB75410}.Release|Any CPU.ActiveCfg = Release|Any CPU
		{6B87A512-029A-4CAC-ADB2-BEFB8EB75410}.Release|Any CPU.Build.0 = Release|Any CPU
		{6B87A512-029A-4CAC-ADB2-BEFB8EB75410}.Release|ARM.ActiveCfg = Release|Any CPU
		{6B87A512-029A-4CAC-ADB2-BEFB8EB75410}.Release|ARM.Build.0 = Release|Any CPU
		{6B87A512-029A-4CAC-ADB2-BEFB8EB75410}.Release|iOS.ActiveCfg = Release|Any CPU
		{6B87A512-029A-4CAC-ADB2-BEFB8EB75410}.Release|iOS.Build.0 = Release|Any CPU
		{6B87A512-029A-4CAC-ADB2-BEFB8EB75410}.Release|Mixed Platforms.ActiveCfg = Release|Any CPU
		{6B87A512-029A-4CAC-ADB2-BEFB8EB75410}.Release|Mixed Platforms.Build.0 = Release|Any CPU
		{6B87A512-029A-4CAC-ADB2-BEFB8EB75410}.Release|Windows Phone.ActiveCfg = Release|Any CPU
		{6B87A512-029A-4CAC-ADB2-BEFB8EB75410}.Release|Windows Phone.Build.0 = Release|Any CPU
		{6B87A512-029A-4CAC-ADB2-BEFB8EB75410}.Release|Windows Phone (Universal).ActiveCfg = Release|Any CPU
		{6B87A512-029A-4CAC-ADB2-BEFB8EB75410}.Release|Windows Phone (Universal).Build.0 = Release|Any CPU
		{6B87A512-029A-4CAC-ADB2-BEFB8EB75410}.Release|Windows Phone 8.ActiveCfg = Release|Any CPU
		{6B87A512-029A-4CAC-ADB2-BEFB8EB75410}.Release|Windows Phone 8.Build.0 = Release|Any CPU
		{6B87A512-029A-4CAC-ADB2-BEFB8EB75410}.Release|Windows-AnyCPU.ActiveCfg = Release|Any CPU
		{6B87A512-029A-4CAC-ADB2-BEFB8EB75410}.Release|Windows-AnyCPU.Build.0 = Release|Any CPU
		{6B87A512-029A-4CAC-ADB2-BEFB8EB75410}.Release|Windows-ARM.ActiveCfg = Release|Any CPU
		{6B87A512-029A-4CAC-ADB2-BEFB8EB75410}.Release|Windows-ARM.Build.0 = Release|Any CPU
		{6B87A512-029A-4CAC-ADB2-BEFB8EB75410}.Release|Windows-x64.ActiveCfg = Release|Any CPU
		{6B87A512-029A-4CAC-ADB2-BEFB8EB75410}.Release|Windows-x64.Build.0 = Release|Any CPU
		{6B87A512-029A-4CAC-ADB2-BEFB8EB75410}.Release|Windows-x86.ActiveCfg = Release|Any CPU
		{6B87A512-029A-4CAC-ADB2-BEFB8EB75410}.Release|Windows-x86.Build.0 = Release|Any CPU
		{6B87A512-029A-4CAC-ADB2-BEFB8EB75410}.Release|x64.ActiveCfg = Release|Any CPU
		{6B87A512-029A-4CAC-ADB2-BEFB8EB75410}.Release|x64.Build.0 = Release|Any CPU
		{6B87A512-029A-4CAC-ADB2-BEFB8EB75410}.Release|x86.ActiveCfg = Release|Any CPU
		{6B87A512-029A-4CAC-ADB2-BEFB8EB75410}.Release|x86.Build.0 = Release|Any CPU
		{CCD291E9-16FA-4B53-B032-EBD3F659567B}.Debug|Android.ActiveCfg = Debug|Any CPU
		{CCD291E9-16FA-4B53-B032-EBD3F659567B}.Debug|Android.Build.0 = Debug|Any CPU
		{CCD291E9-16FA-4B53-B032-EBD3F659567B}.Debug|Any CPU.ActiveCfg = Debug|Any CPU
		{CCD291E9-16FA-4B53-B032-EBD3F659567B}.Debug|Any CPU.Build.0 = Debug|Any CPU
		{CCD291E9-16FA-4B53-B032-EBD3F659567B}.Debug|ARM.ActiveCfg = Debug|Any CPU
		{CCD291E9-16FA-4B53-B032-EBD3F659567B}.Debug|ARM.Build.0 = Debug|Any CPU
		{CCD291E9-16FA-4B53-B032-EBD3F659567B}.Debug|iOS.ActiveCfg = Debug|Any CPU
		{CCD291E9-16FA-4B53-B032-EBD3F659567B}.Debug|iOS.Build.0 = Debug|Any CPU
		{CCD291E9-16FA-4B53-B032-EBD3F659567B}.Debug|Mixed Platforms.ActiveCfg = Debug|Any CPU
		{CCD291E9-16FA-4B53-B032-EBD3F659567B}.Debug|Mixed Platforms.Build.0 = Debug|Any CPU
		{CCD291E9-16FA-4B53-B032-EBD3F659567B}.Debug|Windows Phone.ActiveCfg = Debug|Any CPU
		{CCD291E9-16FA-4B53-B032-EBD3F659567B}.Debug|Windows Phone.Build.0 = Debug|Any CPU
		{CCD291E9-16FA-4B53-B032-EBD3F659567B}.Debug|Windows Phone (Universal).ActiveCfg = Debug|Any CPU
		{CCD291E9-16FA-4B53-B032-EBD3F659567B}.Debug|Windows Phone (Universal).Build.0 = Debug|Any CPU
		{CCD291E9-16FA-4B53-B032-EBD3F659567B}.Debug|Windows Phone 8.ActiveCfg = Debug|Any CPU
		{CCD291E9-16FA-4B53-B032-EBD3F659567B}.Debug|Windows Phone 8.Build.0 = Debug|Any CPU
		{CCD291E9-16FA-4B53-B032-EBD3F659567B}.Debug|Windows-AnyCPU.ActiveCfg = Debug|Any CPU
		{CCD291E9-16FA-4B53-B032-EBD3F659567B}.Debug|Windows-AnyCPU.Build.0 = Debug|Any CPU
		{CCD291E9-16FA-4B53-B032-EBD3F659567B}.Debug|Windows-ARM.ActiveCfg = Debug|Any CPU
		{CCD291E9-16FA-4B53-B032-EBD3F659567B}.Debug|Windows-ARM.Build.0 = Debug|Any CPU
		{CCD291E9-16FA-4B53-B032-EBD3F659567B}.Debug|Windows-x64.ActiveCfg = Debug|Any CPU
		{CCD291E9-16FA-4B53-B032-EBD3F659567B}.Debug|Windows-x64.Build.0 = Debug|Any CPU
		{CCD291E9-16FA-4B53-B032-EBD3F659567B}.Debug|Windows-x86.ActiveCfg = Debug|Any CPU
		{CCD291E9-16FA-4B53-B032-EBD3F659567B}.Debug|Windows-x86.Build.0 = Debug|Any CPU
		{CCD291E9-16FA-4B53-B032-EBD3F659567B}.Debug|x64.ActiveCfg = Debug|Any CPU
		{CCD291E9-16FA-4B53-B032-EBD3F659567B}.Debug|x64.Build.0 = Debug|Any CPU
		{CCD291E9-16FA-4B53-B032-EBD3F659567B}.Debug|x86.ActiveCfg = Debug|Any CPU
		{CCD291E9-16FA-4B53-B032-EBD3F659567B}.Debug|x86.Build.0 = Debug|Any CPU
		{CCD291E9-16FA-4B53-B032-EBD3F659567B}.Distribution|Android.ActiveCfg = Debug|Any CPU
		{CCD291E9-16FA-4B53-B032-EBD3F659567B}.Distribution|Android.Build.0 = Debug|Any CPU
		{CCD291E9-16FA-4B53-B032-EBD3F659567B}.Distribution|Any CPU.ActiveCfg = Debug|Any CPU
		{CCD291E9-16FA-4B53-B032-EBD3F659567B}.Distribution|Any CPU.Build.0 = Debug|Any CPU
		{CCD291E9-16FA-4B53-B032-EBD3F659567B}.Distribution|ARM.ActiveCfg = Debug|Any CPU
		{CCD291E9-16FA-4B53-B032-EBD3F659567B}.Distribution|ARM.Build.0 = Debug|Any CPU
		{CCD291E9-16FA-4B53-B032-EBD3F659567B}.Distribution|iOS.ActiveCfg = Debug|Any CPU
		{CCD291E9-16FA-4B53-B032-EBD3F659567B}.Distribution|iOS.Build.0 = Debug|Any CPU
		{CCD291E9-16FA-4B53-B032-EBD3F659567B}.Distribution|Mixed Platforms.ActiveCfg = Debug|Any CPU
		{CCD291E9-16FA-4B53-B032-EBD3F659567B}.Distribution|Mixed Platforms.Build.0 = Debug|Any CPU
		{CCD291E9-16FA-4B53-B032-EBD3F659567B}.Distribution|Windows Phone.ActiveCfg = Debug|Any CPU
		{CCD291E9-16FA-4B53-B032-EBD3F659567B}.Distribution|Windows Phone.Build.0 = Debug|Any CPU
		{CCD291E9-16FA-4B53-B032-EBD3F659567B}.Distribution|Windows Phone (Universal).ActiveCfg = Debug|Any CPU
		{CCD291E9-16FA-4B53-B032-EBD3F659567B}.Distribution|Windows Phone (Universal).Build.0 = Debug|Any CPU
		{CCD291E9-16FA-4B53-B032-EBD3F659567B}.Distribution|Windows Phone 8.ActiveCfg = Debug|Any CPU
		{CCD291E9-16FA-4B53-B032-EBD3F659567B}.Distribution|Windows Phone 8.Build.0 = Debug|Any CPU
		{CCD291E9-16FA-4B53-B032-EBD3F659567B}.Distribution|Windows-AnyCPU.ActiveCfg = Debug|Any CPU
		{CCD291E9-16FA-4B53-B032-EBD3F659567B}.Distribution|Windows-AnyCPU.Build.0 = Debug|Any CPU
		{CCD291E9-16FA-4B53-B032-EBD3F659567B}.Distribution|Windows-ARM.ActiveCfg = Debug|Any CPU
		{CCD291E9-16FA-4B53-B032-EBD3F659567B}.Distribution|Windows-ARM.Build.0 = Debug|Any CPU
		{CCD291E9-16FA-4B53-B032-EBD3F659567B}.Distribution|Windows-x64.ActiveCfg = Debug|Any CPU
		{CCD291E9-16FA-4B53-B032-EBD3F659567B}.Distribution|Windows-x64.Build.0 = Debug|Any CPU
		{CCD291E9-16FA-4B53-B032-EBD3F659567B}.Distribution|Windows-x86.ActiveCfg = Debug|Any CPU
		{CCD291E9-16FA-4B53-B032-EBD3F659567B}.Distribution|Windows-x86.Build.0 = Debug|Any CPU
		{CCD291E9-16FA-4B53-B032-EBD3F659567B}.Distribution|x64.ActiveCfg = Debug|Any CPU
		{CCD291E9-16FA-4B53-B032-EBD3F659567B}.Distribution|x64.Build.0 = Debug|Any CPU
		{CCD291E9-16FA-4B53-B032-EBD3F659567B}.Distribution|x86.ActiveCfg = Debug|Any CPU
		{CCD291E9-16FA-4B53-B032-EBD3F659567B}.Distribution|x86.Build.0 = Debug|Any CPU
		{CCD291E9-16FA-4B53-B032-EBD3F659567B}.EasyTest|Android.ActiveCfg = Release|Any CPU
		{CCD291E9-16FA-4B53-B032-EBD3F659567B}.EasyTest|Android.Build.0 = Release|Any CPU
		{CCD291E9-16FA-4B53-B032-EBD3F659567B}.EasyTest|Any CPU.ActiveCfg = Release|Any CPU
		{CCD291E9-16FA-4B53-B032-EBD3F659567B}.EasyTest|Any CPU.Build.0 = Release|Any CPU
		{CCD291E9-16FA-4B53-B032-EBD3F659567B}.EasyTest|ARM.ActiveCfg = Release|Any CPU
		{CCD291E9-16FA-4B53-B032-EBD3F659567B}.EasyTest|ARM.Build.0 = Release|Any CPU
		{CCD291E9-16FA-4B53-B032-EBD3F659567B}.EasyTest|iOS.ActiveCfg = Release|Any CPU
		{CCD291E9-16FA-4B53-B032-EBD3F659567B}.EasyTest|iOS.Build.0 = Release|Any CPU
		{CCD291E9-16FA-4B53-B032-EBD3F659567B}.EasyTest|Mixed Platforms.ActiveCfg = Release|Any CPU
		{CCD291E9-16FA-4B53-B032-EBD3F659567B}.EasyTest|Mixed Platforms.Build.0 = Release|Any CPU
		{CCD291E9-16FA-4B53-B032-EBD3F659567B}.EasyTest|Windows Phone.ActiveCfg = Release|Any CPU
		{CCD291E9-16FA-4B53-B032-EBD3F659567B}.EasyTest|Windows Phone.Build.0 = Release|Any CPU
		{CCD291E9-16FA-4B53-B032-EBD3F659567B}.EasyTest|Windows Phone (Universal).ActiveCfg = Release|Any CPU
		{CCD291E9-16FA-4B53-B032-EBD3F659567B}.EasyTest|Windows Phone (Universal).Build.0 = Release|Any CPU
		{CCD291E9-16FA-4B53-B032-EBD3F659567B}.EasyTest|Windows Phone 8.ActiveCfg = Release|Any CPU
		{CCD291E9-16FA-4B53-B032-EBD3F659567B}.EasyTest|Windows Phone 8.Build.0 = Release|Any CPU
		{CCD291E9-16FA-4B53-B032-EBD3F659567B}.EasyTest|Windows-AnyCPU.ActiveCfg = Release|Any CPU
		{CCD291E9-16FA-4B53-B032-EBD3F659567B}.EasyTest|Windows-AnyCPU.Build.0 = Release|Any CPU
		{CCD291E9-16FA-4B53-B032-EBD3F659567B}.EasyTest|Windows-ARM.ActiveCfg = Release|Any CPU
		{CCD291E9-16FA-4B53-B032-EBD3F659567B}.EasyTest|Windows-ARM.Build.0 = Release|Any CPU
		{CCD291E9-16FA-4B53-B032-EBD3F659567B}.EasyTest|Windows-x64.ActiveCfg = Release|Any CPU
		{CCD291E9-16FA-4B53-B032-EBD3F659567B}.EasyTest|Windows-x64.Build.0 = Release|Any CPU
		{CCD291E9-16FA-4B53-B032-EBD3F659567B}.EasyTest|Windows-x86.ActiveCfg = Release|Any CPU
		{CCD291E9-16FA-4B53-B032-EBD3F659567B}.EasyTest|Windows-x86.Build.0 = Release|Any CPU
		{CCD291E9-16FA-4B53-B032-EBD3F659567B}.EasyTest|x64.ActiveCfg = Release|Any CPU
		{CCD291E9-16FA-4B53-B032-EBD3F659567B}.EasyTest|x64.Build.0 = Release|Any CPU
		{CCD291E9-16FA-4B53-B032-EBD3F659567B}.EasyTest|x86.ActiveCfg = Release|Any CPU
		{CCD291E9-16FA-4B53-B032-EBD3F659567B}.EasyTest|x86.Build.0 = Release|Any CPU
		{CCD291E9-16FA-4B53-B032-EBD3F659567B}.Release|Android.ActiveCfg = Release|Any CPU
		{CCD291E9-16FA-4B53-B032-EBD3F659567B}.Release|Android.Build.0 = Release|Any CPU
		{CCD291E9-16FA-4B53-B032-EBD3F659567B}.Release|Any CPU.ActiveCfg = Release|Any CPU
		{CCD291E9-16FA-4B53-B032-EBD3F659567B}.Release|Any CPU.Build.0 = Release|Any CPU
		{CCD291E9-16FA-4B53-B032-EBD3F659567B}.Release|ARM.ActiveCfg = Release|Any CPU
		{CCD291E9-16FA-4B53-B032-EBD3F659567B}.Release|ARM.Build.0 = Release|Any CPU
		{CCD291E9-16FA-4B53-B032-EBD3F659567B}.Release|iOS.ActiveCfg = Release|Any CPU
		{CCD291E9-16FA-4B53-B032-EBD3F659567B}.Release|iOS.Build.0 = Release|Any CPU
		{CCD291E9-16FA-4B53-B032-EBD3F659567B}.Release|Mixed Platforms.ActiveCfg = Release|Any CPU
		{CCD291E9-16FA-4B53-B032-EBD3F659567B}.Release|Mixed Platforms.Build.0 = Release|Any CPU
		{CCD291E9-16FA-4B53-B032-EBD3F659567B}.Release|Windows Phone.ActiveCfg = Release|Any CPU
		{CCD291E9-16FA-4B53-B032-EBD3F659567B}.Release|Windows Phone.Build.0 = Release|Any CPU
		{CCD291E9-16FA-4B53-B032-EBD3F659567B}.Release|Windows Phone (Universal).ActiveCfg = Release|Any CPU
		{CCD291E9-16FA-4B53-B032-EBD3F659567B}.Release|Windows Phone (Universal).Build.0 = Release|Any CPU
		{CCD291E9-16FA-4B53-B032-EBD3F659567B}.Release|Windows Phone 8.ActiveCfg = Release|Any CPU
		{CCD291E9-16FA-4B53-B032-EBD3F659567B}.Release|Windows Phone 8.Build.0 = Release|Any CPU
		{CCD291E9-16FA-4B53-B032-EBD3F659567B}.Release|Windows-AnyCPU.ActiveCfg = Release|Any CPU
		{CCD291E9-16FA-4B53-B032-EBD3F659567B}.Release|Windows-AnyCPU.Build.0 = Release|Any CPU
		{CCD291E9-16FA-4B53-B032-EBD3F659567B}.Release|Windows-ARM.ActiveCfg = Release|Any CPU
		{CCD291E9-16FA-4B53-B032-EBD3F659567B}.Release|Windows-ARM.Build.0 = Release|Any CPU
		{CCD291E9-16FA-4B53-B032-EBD3F659567B}.Release|Windows-x64.ActiveCfg = Release|Any CPU
		{CCD291E9-16FA-4B53-B032-EBD3F659567B}.Release|Windows-x64.Build.0 = Release|Any CPU
		{CCD291E9-16FA-4B53-B032-EBD3F659567B}.Release|Windows-x86.ActiveCfg = Release|Any CPU
		{CCD291E9-16FA-4B53-B032-EBD3F659567B}.Release|Windows-x86.Build.0 = Release|Any CPU
		{CCD291E9-16FA-4B53-B032-EBD3F659567B}.Release|x64.ActiveCfg = Release|Any CPU
		{CCD291E9-16FA-4B53-B032-EBD3F659567B}.Release|x64.Build.0 = Release|Any CPU
		{CCD291E9-16FA-4B53-B032-EBD3F659567B}.Release|x86.ActiveCfg = Release|Any CPU
		{CCD291E9-16FA-4B53-B032-EBD3F659567B}.Release|x86.Build.0 = Release|Any CPU
	EndGlobalSection
	GlobalSection(SolutionProperties) = preSolution
		HideSolutionNode = FALSE
	EndGlobalSection
EndGlobal
